{
  "name": "mirror-post-collector",
  "lockfileVersion": 2,
  "requires": true,
  "packages": {
    "": {
      "dependencies": {
        "languagedetect": "^2.0.0"
      }
    },
    "node_modules/languagedetect": {
      "version": "2.0.0",
      "resolved": "https://registry.npmjs.org/languagedetect/-/languagedetect-2.0.0.tgz",
      "integrity": "sha512-AZb/liiQ+6ZoTj4f1J0aE6OkzhCo8fyH+tuSaPfSo8YHCWLFJrdSixhtO2TYdIkjcDQNaR4RmGaV2A5FJklDMQ==",
      "engines": {
        "node": ">= 0.4.8"
      }
    }
  },
  "dependencies": {
    "languagedetect": {
      "version": "2.0.0",
      "resolved": "https://registry.npmjs.org/languagedetect/-/languagedetect-2.0.0.tgz",
      "integrity": "sha512-AZb/liiQ+6ZoTj4f1J0aE6OkzhCo8fyH+tuSaPfSo8YHCWLFJrdSixhtO2TYdIkjcDQNaR4RmGaV2A5FJklDMQ=="
    }
  }
}
